{
  "name": "hots-req",
  "version": "1.0.0",
  "lockfileVersion": 3,
  "requires": true,
  "packages": {
    "": {
      "name": "hots-req",
      "version": "1.0.0",
      "license": "ISC",
      "dependencies": {
        "@hoppscotch/cli": "^0.5.2"
      }
    },
    "node_modules/@hoppscotch/cli": {
      "version": "0.5.2",
      "resolved": "https://registry.npmjs.org/@hoppscotch/cli/-/cli-0.5.2.tgz",
      "integrity": "sha512-XqQepcCzR3PVTndrEgwphH9AmGZNE5jpIY5r9N9LFbzt070zNa28OCbpNpifbbT3zIEdGNR0zpMJcyXzAV+b+A==",
      "bin": {
        "hopp": "bin/hopp"
      },
      "engines": {
        "node": ">=18"
      }
    }
  }
}
